
Microsoft Visual Studio Solution File, Format Version 12.00
# Visual Studio Version 16
VisualStudioVersion = 16.0.30907.101
MinimumVisualStudioVersion = 10.0.40219.1
Project("{FAE04EC0-301F-11D3-BF4B-00C04F79EFBC}") = "tirgul4", "tirgul4\tirgul4.csproj", "{449195F4-E729-463F-A2C7-C8B90706A8EB}"
EndProject
Global
	GlobalSection(SolutionConfigurationPlatforms) = preSolution
		Debug|Any CPU = Debug|Any CPU
		Release|Any CPU = Release|Any CPU
	EndGlobalSection
	GlobalSection(ProjectConfigurationPlatforms) = postSolution
		{449195F4-E729-463F-A2C7-C8B90706A8EB}.Debug|Any CPU.ActiveCfg = Debug|Any CPU
		{449195F4-E729-463F-A2C7-C8B90706A8EB}.Debug|Any CPU.Build.0 = Debug|Any CPU
		{449195F4-E729-463F-A2C7-C8B90706A8EB}.Release|Any CPU.ActiveCfg = Release|Any CPU
		{449195F4-E729-463F-A2C7-C8B90706A8EB}.Release|Any CPU.Build.0 = Release|Any CPU
	EndGlobalSection
	GlobalSection(SolutionProperties) = preSolution
		HideSolutionNode = FALSE
	EndGlobalSection
	GlobalSection(ExtensibilityGlobals) = postSolution
		SolutionGuid = {C0FF1203-89E0-4F1B-9C58-D728A86F2B9D}
	EndGlobalSection
EndGlobal
